
Microsoft Visual Studio Solution File, Format Version 12.00
# Visual Studio 2013
VisualStudioVersion = 12.0.30723.0
MinimumVisualStudioVersion = 10.0.40219.1
Project("{2150E333-8FDC-42A3-9474-1A3956D46DE8}") = "Services", "Services", "{97430710-8730-497E-9F2D-E51D926DE6F0}"
EndProject
Project("{2150E333-8FDC-42A3-9474-1A3956D46DE8}") = "Business", "Business", "{1D4F0F9F-4FED-4A3C-B41F-C8ECDCD33C8C}"
EndProject
Project("{2150E333-8FDC-42A3-9474-1A3956D46DE8}") = "Presentation", "Presentation", "{06E8BC6B-BDC6-4064-B811-42D5E4841E2C}"
EndProject
Project("{2150E333-8FDC-42A3-9474-1A3956D46DE8}") = "Framework", "Framework", "{30289C3B-7EFC-4ED2-AEA8-DC7569DC93C7}"
EndProject
Project("{2150E333-8FDC-42A3-9474-1A3956D46DE8}") = "DataTransferObjects", "DataTransferObjects", "{1CB47931-95B8-459E-99A7-EAF78EF9FADA}"
EndProject
Project("{2150E333-8FDC-42A3-9474-1A3956D46DE8}") = "DataAccess", "DataAccess", "{F91AA401-A887-42DA-AF85-DC57C2A0931F}"
EndProject
Project("{FAE04EC0-301F-11D3-BF4B-00C04F79EFBC}") = "VKeCRM.Portal.Business", "Business\VKeCRM.Portal.Business\VKeCRM.Portal.Business.csproj", "{230E2AE7-F104-47C0-85F6-4997F68BFE13}"
	ProjectSection(ProjectDependencies) = postProject
		{16CBEF12-0A15-44DC-8B22-8261D698FBC9} = {16CBEF12-0A15-44DC-8B22-8261D698FBC9}
		{1DB9FC19-766F-4788-B7E1-F18C2BEBAEB5} = {1DB9FC19-766F-4788-B7E1-F18C2BEBAEB5}
		{0FCCA426-2179-4932-99CC-78C8FCB83FD0} = {0FCCA426-2179-4932-99CC-78C8FCB83FD0}
		{28AFD871-203D-4A53-ADC8-E514D5EF2CDE} = {28AFD871-203D-4A53-ADC8-E514D5EF2CDE}
		{9FD35DA4-A2DC-4984-BCCC-9BED5CC45684} = {9FD35DA4-A2DC-4984-BCCC-9BED5CC45684}
		{53FA78B6-D765-4CED-A01B-703B06F8D988} = {53FA78B6-D765-4CED-A01B-703B06F8D988}
	EndProjectSection
EndProject
Project("{FAE04EC0-301F-11D3-BF4B-00C04F79EFBC}") = "VKeCRM.Common", "Framework\VKeCRM.Common\VKeCRM.Common.csproj", "{53FA78B6-D765-4CED-A01B-703B06F8D988}"
EndProject
Project("{FAE04EC0-301F-11D3-BF4B-00C04F79EFBC}") = "VKeCRM.Common.LookupEnums", "Framework\VKeCRM.Common.LookupEnums\VKeCRM.Common.LookupEnums.csproj", "{0FCCA426-2179-4932-99CC-78C8FCB83FD0}"
EndProject
Project("{FAE04EC0-301F-11D3-BF4B-00C04F79EFBC}") = "VKeCRM.Framework", "Framework\VKeCRM.Framework\VKeCRM.Framework.csproj", "{16CBEF12-0A15-44DC-8B22-8261D698FBC9}"
	ProjectSection(ProjectDependencies) = postProject
		{53FA78B6-D765-4CED-A01B-703B06F8D988} = {53FA78B6-D765-4CED-A01B-703B06F8D988}
	EndProjectSection
EndProject
Project("{FAE04EC0-301F-11D3-BF4B-00C04F79EFBC}") = "VKeCRM.Framework.Web", "Framework\VKeCRM.Framework.Web\VKeCRM.Framework.Web.csproj", "{19301A07-A478-438A-876A-6AA1C7B58A59}"
	ProjectSection(ProjectDependencies) = postProject
		{16CBEF12-0A15-44DC-8B22-8261D698FBC9} = {16CBEF12-0A15-44DC-8B22-8261D698FBC9}
		{53FA78B6-D765-4CED-A01B-703B06F8D988} = {53FA78B6-D765-4CED-A01B-703B06F8D988}
	EndProjectSection
EndProject
Project("{FAE04EC0-301F-11D3-BF4B-00C04F79EFBC}") = "VKeCRM.Common.DataAccess", "DataAccess\VKeCRM.Common.DataAccess\VKeCRM.Common.DataAccess.csproj", "{28AFD871-203D-4A53-ADC8-E514D5EF2CDE}"
	ProjectSection(ProjectDependencies) = postProject
		{16CBEF12-0A15-44DC-8B22-8261D698FBC9} = {16CBEF12-0A15-44DC-8B22-8261D698FBC9}
		{0FCCA426-2179-4932-99CC-78C8FCB83FD0} = {0FCCA426-2179-4932-99CC-78C8FCB83FD0}
		{53FA78B6-D765-4CED-A01B-703B06F8D988} = {53FA78B6-D765-4CED-A01B-703B06F8D988}
	EndProjectSection
EndProject
Project("{FAE04EC0-301F-11D3-BF4B-00C04F79EFBC}") = "VKeCRM.Portal.DataAccess", "DataAccess\VKeCRM.Portal.DataAccess\VKeCRM.Portal.DataAccess.csproj", "{9FD35DA4-A2DC-4984-BCCC-9BED5CC45684}"
	ProjectSection(ProjectDependencies) = postProject
		{16CBEF12-0A15-44DC-8B22-8261D698FBC9} = {16CBEF12-0A15-44DC-8B22-8261D698FBC9}
		{0FCCA426-2179-4932-99CC-78C8FCB83FD0} = {0FCCA426-2179-4932-99CC-78C8FCB83FD0}
		{28AFD871-203D-4A53-ADC8-E514D5EF2CDE} = {28AFD871-203D-4A53-ADC8-E514D5EF2CDE}
		{53FA78B6-D765-4CED-A01B-703B06F8D988} = {53FA78B6-D765-4CED-A01B-703B06F8D988}
	EndProjectSection
EndProject
Project("{FAE04EC0-301F-11D3-BF4B-00C04F79EFBC}") = "VKeCRM.Portal.DataTransferObjects", "DataTransferObjects\VKeCRM.Portal.DataTransferObjects\VKeCRM.Portal.DataTransferObjects.csproj", "{1DB9FC19-766F-4788-B7E1-F18C2BEBAEB5}"
EndProject
Project("{FAE04EC0-301F-11D3-BF4B-00C04F79EFBC}") = "VKeCRM.Portal.Services", "Services\VKeCRM.Portal.Services\VKeCRM.Portal.Services.csproj", "{276FA38C-2611-498B-8164-904A1A3C69CE}"
	ProjectSection(ProjectDependencies) = postProject
		{16CBEF12-0A15-44DC-8B22-8261D698FBC9} = {16CBEF12-0A15-44DC-8B22-8261D698FBC9}
		{1DB9FC19-766F-4788-B7E1-F18C2BEBAEB5} = {1DB9FC19-766F-4788-B7E1-F18C2BEBAEB5}
		{0FCCA426-2179-4932-99CC-78C8FCB83FD0} = {0FCCA426-2179-4932-99CC-78C8FCB83FD0}
		{53FA78B6-D765-4CED-A01B-703B06F8D988} = {53FA78B6-D765-4CED-A01B-703B06F8D988}
		{230E2AE7-F104-47C0-85F6-4997F68BFE13} = {230E2AE7-F104-47C0-85F6-4997F68BFE13}
	EndProjectSection
EndProject
Project("{FAE04EC0-301F-11D3-BF4B-00C04F79EFBC}") = "VKeCRM.Portal.Web", "Presentation\VKeCRM.Portal.Web\VKeCRM.Portal.Web.csproj", "{366F24D8-65B2-47ED-969F-22E6F844FCA3}"
	ProjectSection(ProjectDependencies) = postProject
		{19301A07-A478-438A-876A-6AA1C7B58A59} = {19301A07-A478-438A-876A-6AA1C7B58A59}
		{16CBEF12-0A15-44DC-8B22-8261D698FBC9} = {16CBEF12-0A15-44DC-8B22-8261D698FBC9}
		{0FCCA426-2179-4932-99CC-78C8FCB83FD0} = {0FCCA426-2179-4932-99CC-78C8FCB83FD0}
		{276FA38C-2611-498B-8164-904A1A3C69CE} = {276FA38C-2611-498B-8164-904A1A3C69CE}
		{53FA78B6-D765-4CED-A01B-703B06F8D988} = {53FA78B6-D765-4CED-A01B-703B06F8D988}
	EndProjectSection
EndProject
Global
	GlobalSection(SolutionConfigurationPlatforms) = preSolution
		Debug|Any CPU = Debug|Any CPU
		Release|Any CPU = Release|Any CPU
	EndGlobalSection
	GlobalSection(ProjectConfigurationPlatforms) = postSolution
		{230E2AE7-F104-47C0-85F6-4997F68BFE13}.Debug|Any CPU.ActiveCfg = Debug|Any CPU
		{230E2AE7-F104-47C0-85F6-4997F68BFE13}.Debug|Any CPU.Build.0 = Debug|Any CPU
		{230E2AE7-F104-47C0-85F6-4997F68BFE13}.Release|Any CPU.ActiveCfg = Release|Any CPU
		{230E2AE7-F104-47C0-85F6-4997F68BFE13}.Release|Any CPU.Build.0 = Release|Any CPU
		{53FA78B6-D765-4CED-A01B-703B06F8D988}.Debug|Any CPU.ActiveCfg = Debug|Any CPU
		{53FA78B6-D765-4CED-A01B-703B06F8D988}.Debug|Any CPU.Build.0 = Debug|Any CPU
		{53FA78B6-D765-4CED-A01B-703B06F8D988}.Release|Any CPU.ActiveCfg = Release|Any CPU
		{53FA78B6-D765-4CED-A01B-703B06F8D988}.Release|Any CPU.Build.0 = Release|Any CPU
		{0FCCA426-2179-4932-99CC-78C8FCB83FD0}.Debug|Any CPU.ActiveCfg = Debug|Any CPU
		{0FCCA426-2179-4932-99CC-78C8FCB83FD0}.Debug|Any CPU.Build.0 = Debug|Any CPU
		{0FCCA426-2179-4932-99CC-78C8FCB83FD0}.Release|Any CPU.ActiveCfg = Release|Any CPU
		{0FCCA426-2179-4932-99CC-78C8FCB83FD0}.Release|Any CPU.Build.0 = Release|Any CPU
		{16CBEF12-0A15-44DC-8B22-8261D698FBC9}.Debug|Any CPU.ActiveCfg = Debug|Any CPU
		{16CBEF12-0A15-44DC-8B22-8261D698FBC9}.Debug|Any CPU.Build.0 = Debug|Any CPU
		{16CBEF12-0A15-44DC-8B22-8261D698FBC9}.Release|Any CPU.ActiveCfg = Release|Any CPU
		{16CBEF12-0A15-44DC-8B22-8261D698FBC9}.Release|Any CPU.Build.0 = Release|Any CPU
		{19301A07-A478-438A-876A-6AA1C7B58A59}.Debug|Any CPU.ActiveCfg = Debug|Any CPU
		{19301A07-A478-438A-876A-6AA1C7B58A59}.Debug|Any CPU.Build.0 = Debug|Any CPU
		{19301A07-A478-438A-876A-6AA1C7B58A59}.Release|Any CPU.ActiveCfg = Release|Any CPU
		{19301A07-A478-438A-876A-6AA1C7B58A59}.Release|Any CPU.Build.0 = Release|Any CPU
		{28AFD871-203D-4A53-ADC8-E514D5EF2CDE}.Debug|Any CPU.ActiveCfg = Debug|Any CPU
		{28AFD871-203D-4A53-ADC8-E514D5EF2CDE}.Debug|Any CPU.Build.0 = Debug|Any CPU
		{28AFD871-203D-4A53-ADC8-E514D5EF2CDE}.Release|Any CPU.ActiveCfg = Release|Any CPU
		{28AFD871-203D-4A53-ADC8-E514D5EF2CDE}.Release|Any CPU.Build.0 = Release|Any CPU
		{9FD35DA4-A2DC-4984-BCCC-9BED5CC45684}.Debug|Any CPU.ActiveCfg = Debug|Any CPU
		{9FD35DA4-A2DC-4984-BCCC-9BED5CC45684}.Debug|Any CPU.Build.0 = Debug|Any CPU
		{9FD35DA4-A2DC-4984-BCCC-9BED5CC45684}.Release|Any CPU.ActiveCfg = Release|Any CPU
		{9FD35DA4-A2DC-4984-BCCC-9BED5CC45684}.Release|Any CPU.Build.0 = Release|Any CPU
		{1DB9FC19-766F-4788-B7E1-F18C2BEBAEB5}.Debug|Any CPU.ActiveCfg = Debug|Any CPU
		{1DB9FC19-766F-4788-B7E1-F18C2BEBAEB5}.Debug|Any CPU.Build.0 = Debug|Any CPU
		{1DB9FC19-766F-4788-B7E1-F18C2BEBAEB5}.Release|Any CPU.ActiveCfg = Release|Any CPU
		{1DB9FC19-766F-4788-B7E1-F18C2BEBAEB5}.Release|Any CPU.Build.0 = Release|Any CPU
		{276FA38C-2611-498B-8164-904A1A3C69CE}.Debug|Any CPU.ActiveCfg = Debug|Any CPU
		{276FA38C-2611-498B-8164-904A1A3C69CE}.Debug|Any CPU.Build.0 = Debug|Any CPU
		{276FA38C-2611-498B-8164-904A1A3C69CE}.Release|Any CPU.ActiveCfg = Release|Any CPU
		{276FA38C-2611-498B-8164-904A1A3C69CE}.Release|Any CPU.Build.0 = Release|Any CPU
		{366F24D8-65B2-47ED-969F-22E6F844FCA3}.Debug|Any CPU.ActiveCfg = Debug|Any CPU
		{366F24D8-65B2-47ED-969F-22E6F844FCA3}.Debug|Any CPU.Build.0 = Debug|Any CPU
		{366F24D8-65B2-47ED-969F-22E6F844FCA3}.Release|Any CPU.ActiveCfg = Release|Any CPU
		{366F24D8-65B2-47ED-969F-22E6F844FCA3}.Release|Any CPU.Build.0 = Release|Any CPU
	EndGlobalSection
	GlobalSection(SolutionProperties) = preSolution
		HideSolutionNode = FALSE
	EndGlobalSection
	GlobalSection(NestedProjects) = preSolution
		{230E2AE7-F104-47C0-85F6-4997F68BFE13} = {1D4F0F9F-4FED-4A3C-B41F-C8ECDCD33C8C}
		{53FA78B6-D765-4CED-A01B-703B06F8D988} = {30289C3B-7EFC-4ED2-AEA8-DC7569DC93C7}
		{0FCCA426-2179-4932-99CC-78C8FCB83FD0} = {30289C3B-7EFC-4ED2-AEA8-DC7569DC93C7}
		{16CBEF12-0A15-44DC-8B22-8261D698FBC9} = {30289C3B-7EFC-4ED2-AEA8-DC7569DC93C7}
		{19301A07-A478-438A-876A-6AA1C7B58A59} = {30289C3B-7EFC-4ED2-AEA8-DC7569DC93C7}
		{28AFD871-203D-4A53-ADC8-E514D5EF2CDE} = {F91AA401-A887-42DA-AF85-DC57C2A0931F}
		{9FD35DA4-A2DC-4984-BCCC-9BED5CC45684} = {F91AA401-A887-42DA-AF85-DC57C2A0931F}
		{1DB9FC19-766F-4788-B7E1-F18C2BEBAEB5} = {1CB47931-95B8-459E-99A7-EAF78EF9FADA}
		{276FA38C-2611-498B-8164-904A1A3C69CE} = {97430710-8730-497E-9F2D-E51D926DE6F0}
		{366F24D8-65B2-47ED-969F-22E6F844FCA3} = {06E8BC6B-BDC6-4064-B811-42D5E4841E2C}
	EndGlobalSection
EndGlobal
